
Microsoft Visual Studio Solution File, Format Version 12.00
# Visual Studio Version 17
VisualStudioVersion = 17.0.32112.339
MinimumVisualStudioVersion = 10.0.40219.1
Project("{888888A0-9F3D-457C-B088-3A5042F75D52}") = "BasicProject", "BasicProject\BasicProject.pyproj", "{A7C6B596-0F7C-4849-9A15-8CB3D1F69E7D}"
EndProject
Global
	GlobalSection(SolutionConfigurationPlatforms) = preSolution
		Debug|Any CPU = Debug|Any CPU
		Release|Any CPU = Release|Any CPU
	EndGlobalSection
	GlobalSection(ProjectConfigurationPlatforms) = postSolution
		{A7C6B596-0F7C-4849-9A15-8CB3D1F69E7D}.Debug|Any CPU.ActiveCfg = Debug|Any CPU
		{A7C6B596-0F7C-4849-9A15-8CB3D1F69E7D}.Debug|Any CPU.Build.0 = Debug|Any CPU
		{A7C6B596-0F7C-4849-9A15-8CB3D1F69E7D}.Release|Any CPU.ActiveCfg = Release|Any CPU
		{A7C6B596-0F7C-4849-9A15-8CB3D1F69E7D}.Release|Any CPU.Build.0 = Release|Any CPU
	EndGlobalSection
	GlobalSection(SolutionProperties) = preSolution
		HideSolutionNode = FALSE
	EndGlobalSection
	GlobalSection(ExtensibilityGlobals) = postSolution
		SolutionGuid = {5E80B7F5-67CE-4293-A44D-3D9285B5969E}
	EndGlobalSection
EndGlobal
